#MicroXplorer Configuration settings - do not modify
Mcu.Family=STM32F4
ProjectManager.MainLocation=Core/Src
ProjectManager.ProjectFileName=led-chaser-game.ioc
RCC.CortexFreq_Value=100000000
ProjectManager.KeepUserCode=true
Mcu.UserName=STM32F411CEUx
Mcu.PinsNb=9
ProjectManager.NoMain=false
RCC.PLLCLKFreq_Value=100000000
PB6.GPIO_PuPd=GPIO_PULLDOWN
RCC.PLLQCLKFreq_Value=50000000
ProjectManager.functionlistsort=1-MX_GPIO_Init-GPIO-false-HAL-true,2-SystemClock_Config-RCC-false-HAL-false
VP_SYS_VS_tim5.Mode=TIM5
RCC.RTCFreq_Value=32000
ProjectManager.DefaultFWLocation=true
PB12.Locked=true
ProjectManager.DeletePrevious=true
PB14.Locked=true
RCC.APB1CLKDivider=RCC_HCLK_DIV2
PB15.Signal=GPIO_Output
PB13.Signal=GPIO_Output
PinOutPanel.RotationAngle=0
RCC.FamilyName=M
RCC.SYSCLKSource=RCC_SYSCLKSOURCE_PLLCLK
ProjectManager.StackSize=0x400
PB5.GPIOParameters=GPIO_PuPd
RCC.FCLKCortexFreq_Value=100000000
NVIC.SVCall_IRQn=true\:0\:0\:false\:false\:false\:false\:false
Mcu.IP2=SYS
PB4.GPIOParameters=GPIO_PuPd
Mcu.IP0=NVIC
Mcu.IP1=RCC
Mcu.UserConstants=
ProjectManager.TargetToolchain=STM32CubeIDE
NVIC.TIM5_IRQn=true\:0\:0\:false\:false\:true\:false\:true
Mcu.ThirdPartyNb=0
RCC.HCLKFreq_Value=100000000
Mcu.IPNb=3
RCC.I2SClocksFreq_Value=96000000
ProjectManager.PreviousToolchain=
RCC.APB2TimFreq_Value=100000000
PB6.Signal=GPIO_Input
RCC.VcooutputI2S=96000000
PB5.Locked=true
RCC.VCOInputMFreq_Value=1000000
Mcu.Pin6=PB5
PB4.GPIO_PuPd=GPIO_PULLDOWN
Mcu.Pin7=PB6
ProjectManager.RegisterCallBack=
Mcu.Pin8=VP_SYS_VS_tim5
RCC.LSE_VALUE=32768
RCC.AHBFreq_Value=100000000
PB13.Locked=true
Mcu.Pin0=PB12
Mcu.Pin1=PB13
GPIO.groupedBy=Group By Peripherals
Mcu.Pin2=PB14
Mcu.Pin3=PB15
Mcu.Pin4=PB3
RCC.VCOI2SOutputFreq_Value=192000000
PB14.Signal=GPIO_Output
Mcu.Pin5=PB4
ProjectManager.ProjectBuild=false
RCC.HSE_VALUE=25000000
NVIC.UsageFault_IRQn=true\:0\:0\:false\:false\:true\:false\:false
NVIC.DebugMonitor_IRQn=true\:0\:0\:false\:false\:true\:false\:false
board=custom
RCC.VCOOutputFreq_Value=200000000
NVIC.SysTick_IRQn=true\:0\:0\:false\:false\:false\:false\:true
ProjectManager.LastFirmware=true
ProjectManager.FirmwarePackage=STM32Cube FW_F4 V1.26.1
MxDb.Version=DB.6.0.21
VP_SYS_VS_tim5.Signal=SYS_VS_tim5
RCC.APB2Freq_Value=100000000
PB3.GPIO_PuPd=GPIO_PULLDOWN
ProjectManager.BackupPrevious=false
MxCube.Version=6.2.1
RCC.VCOInputFreq_Value=2000000
File.Version=6
RCC.EthernetFreq_Value=100000000
PB3.GPIOParameters=GPIO_PuPd
NVIC.NonMaskableInt_IRQn=true\:0\:0\:false\:false\:true\:false\:false
PB6.Locked=true
NVIC.PendSV_IRQn=true\:0\:0\:false\:false\:false\:false\:false
ProjectManager.FreePins=false
RCC.IPParameters=48MHZClocksFreq_Value,AHBFreq_Value,APB1CLKDivider,APB1Freq_Value,APB1TimFreq_Value,APB2Freq_Value,APB2TimFreq_Value,CortexFreq_Value,EthernetFreq_Value,FCLKCortexFreq_Value,FamilyName,HCLKFreq_Value,HSE_VALUE,HSI_VALUE,I2SClocksFreq_Value,LSE_VALUE,LSI_VALUE,PLLCLKFreq_Value,PLLM,PLLN,PLLQCLKFreq_Value,RTCFreq_Value,RTCHSEDivFreq_Value,SYSCLKFreq_VALUE,SYSCLKSource,VCOI2SOutputFreq_Value,VCOInputFreq_Value,VCOInputMFreq_Value,VCOOutputFreq_Value,VcooutputI2S
ProjectManager.AskForMigrate=true
Mcu.Name=STM32F411C(C-E)Ux
PB6.GPIOParameters=GPIO_PuPd
ProjectManager.HalAssertFull=false
RCC.RTCHSEDivFreq_Value=12500000
ProjectManager.ProjectName=led-chaser-game
ProjectManager.UnderRoot=true
ProjectManager.CoupleFile=false
PB4.Locked=true
RCC.48MHZClocksFreq_Value=50000000
PB3.Signal=GPIO_Input
RCC.SYSCLKFreq_VALUE=100000000
Mcu.Package=UFQFPN48
PB5.Signal=GPIO_Input
NVIC.TimeBase=TIM5_IRQn
NVIC.ForceEnableDMAVector=true
KeepUserPlacement=false
PB5.GPIO_PuPd=GPIO_PULLDOWN
NVIC.MemoryManagement_IRQn=true\:0\:0\:false\:false\:true\:false\:false
ProjectManager.CompilerOptimize=6
ProjectManager.ToolChainLocation=
RCC.LSI_VALUE=32000
NVIC.TimeBaseIP=TIM5
ProjectManager.HeapSize=0x200
NVIC.HardFault_IRQn=true\:0\:0\:false\:false\:true\:false\:false
ProjectManager.ComputerToolchain=false
RCC.HSI_VALUE=16000000
NVIC.PriorityGroup=NVIC_PRIORITYGROUP_4
RCC.PLLM=8
RCC.PLLN=100
RCC.APB1TimFreq_Value=100000000
NVIC.BusFault_IRQn=true\:0\:0\:false\:false\:true\:false\:false
PB12.GPIO_PuPd=GPIO_NOPULL
RCC.APB1Freq_Value=50000000
ProjectManager.CustomerFirmwarePackage=
ProjectManager.DeviceId=STM32F411CEUx
PB12.GPIOParameters=GPIO_PuPd
PB12.Signal=GPIO_Output
ProjectManager.LibraryCopy=1
PB4.Signal=GPIO_Input
PB3.Locked=true
PB15.Locked=true
isbadioc=false
